
Microsoft Visual Studio Solution File, Format Version 12.00
# Visual Studio Version 16
VisualStudioVersion = 16.0.31019.35
MinimumVisualStudioVersion = 10.0.40219.1
Project("{FAE04EC0-301F-11D3-BF4B-00C04F79EFBC}") = "ConsoleApp2", "ConsoleApp2\ConsoleApp2.csproj", "{6DEED918-60EE-44B7-93E9-A8078D956BA4}"
EndProject
Global
	GlobalSection(SolutionConfigurationPlatforms) = preSolution
		Debug|Any CPU = Debug|Any CPU
		Release|Any CPU = Release|Any CPU
	EndGlobalSection
	GlobalSection(ProjectConfigurationPlatforms) = postSolution
		{6DEED918-60EE-44B7-93E9-A8078D956BA4}.Debug|Any CPU.ActiveCfg = Debug|Any CPU
		{6DEED918-60EE-44B7-93E9-A8078D956BA4}.Debug|Any CPU.Build.0 = Debug|Any CPU
		{6DEED918-60EE-44B7-93E9-A8078D956BA4}.Release|Any CPU.ActiveCfg = Release|Any CPU
		{6DEED918-60EE-44B7-93E9-A8078D956BA4}.Release|Any CPU.Build.0 = Release|Any CPU
	EndGlobalSection
	GlobalSection(SolutionProperties) = preSolution
		HideSolutionNode = FALSE
	EndGlobalSection
	GlobalSection(ExtensibilityGlobals) = postSolution
		SolutionGuid = {CF6CD56D-0151-4897-966C-D415668FD2CB}
	EndGlobalSection
EndGlobal
